{
  "name": "shimmer_placeholder",
  "version": "0.0.3",
  "lockfileVersion": 1,
  "requires": true,
  "dependencies": {
    "module-exists": {
      "version": "0.2.1",
      "resolved": "https://registry.npmjs.org/module-exists/-/module-exists-0.2.1.tgz",
      "integrity": "sha512-Qrb/jPRB9LLdtK/37Gmr5ijTCg2q8SmbFDIYhjiS/SiL67ussbKPMbFVdErOBG1TZWZCjSusIfBHaY1iY0YznA=="
    }
  }
}
